// !$*UTF8*$!
{
	archiveVersion = 1;
	classes = {
	};
	objectVersion = 77;
	objects = {

/* Begin PBXBuildFile section */
		5BD786A72D4CC684008AA108 /* Dependencies in Frameworks */ = {isa = PBXBuildFile; productRef = 5BD786A62D4CC684008AA108 /* Dependencies */; };
		5BD786A92D4CC684008AA108 /* DependenciesMacros in Frameworks */ = {isa = PBXBuildFile; productRef = 5BD786A82D4CC684008AA108 /* DependenciesMacros */; };
		5BD786AB2D4CC684008AA108 /* DependenciesTestSupport in Frameworks */ = {isa = PBXBuildFile; productRef = 5BD786AA2D4CC684008AA108 /* DependenciesTestSupport */; };
/* End PBXBuildFile section */

/* Begin PBXContainerItemProxy section */
		5BD786592D4CB35D008AA108 /* PBXContainerItemProxy */ = {
			isa = PBXContainerItemProxy;
			containerPortal = 5BD786402D4CB35B008AA108 /* Project object */;
			proxyType = 1;
			remoteGlobalIDString = 5BD786472D4CB35B008AA108;
			remoteInfo = ArchDemo;
		};
/* End PBXContainerItemProxy section */

/* Begin PBXFileReference section */
		5BD786482D4CB35B008AA108 /* ArchDemo.app */ = {isa = PBXFileReference; explicitFileType = wrapper.application; includeInIndex = 0; path = ArchDemo.app; sourceTree = BUILT_PRODUCTS_DIR; };
		5BD786582D4CB35D008AA108 /* ArchDemoTests.xctest */ = {isa = PBXFileReference; explicitFileType = wrapper.cfbundle; includeInIndex = 0; path = ArchDemoTests.xctest; sourceTree = BUILT_PRODUCTS_DIR; };
/* End PBXFileReference section */

/* Begin PBXFileSystemSynchronizedRootGroup section */
		5BD7864A2D4CB35B008AA108 /* ArchDemo */ = {
			isa = PBXFileSystemSynchronizedRootGroup;
			path = ArchDemo;
			sourceTree = "<group>";
		};
		5BD7865B2D4CB35D008AA108 /* ArchDemoTests */ = {
			isa = PBXFileSystemSynchronizedRootGroup;
			path = ArchDemoTests;
			sourceTree = "<group>";
		};
/* End PBXFileSystemSynchronizedRootGroup section */

/* Begin PBXFrameworksBuildPhase section */
		5BD786452D4CB35B008AA108 /* Frameworks */ = {
			isa = PBXFrameworksBuildPhase;
			buildActionMask = 2147483647;
			files = (
				5BD786A92D4CC684008AA108 /* DependenciesMacros in Frameworks */,
				5BD786A72D4CC684008AA108 /* Dependencies in Frameworks */,
			);
			runOnlyForDeploymentPostprocessing = 0;
		};
		5BD786552D4CB35D008AA108 /* Frameworks */ = {
			isa = PBXFrameworksBuildPhase;
			buildActionMask = 2147483647;
			files = (
				5BD786AB2D4CC684008AA108 /* DependenciesTestSupport in Frameworks */,
			);
			runOnlyForDeploymentPostprocessing = 0;
		};
/* End PBXFrameworksBuildPhase section */

/* Begin PBXGroup section */
		5BD7863F2D4CB35B008AA108 = {
			isa = PBXGroup;
			children = (
				5BD7864A2D4CB35B008AA108 /* ArchDemo */,
				5BD7865B2D4CB35D008AA108 /* ArchDemoTests */,
				5BD7869E2D4CC4AD008AA108 /* Frameworks */,
				5BD786492D4CB35B008AA108 /* Products */,
			);
			sourceTree = "<group>";
		};
		5BD786492D4CB35B008AA108 /* Products */ = {
			isa = PBXGroup;
			children = (
				5BD786482D4CB35B008AA108 /* ArchDemo.app */,
				5BD786582D4CB35D008AA108 /* ArchDemoTests.xctest */,
			);
			name = Products;
			sourceTree = "<group>";
		};
		5BD7869E2D4CC4AD008AA108 /* Frameworks */ = {
			isa = PBXGroup;
			children = (
			);
			name = Frameworks;
			sourceTree = "<group>";
		};
/* End PBXGroup section */

/* Begin PBXNativeTarget section */
		5BD786472D4CB35B008AA108 /* ArchDemo */ = {
			isa = PBXNativeTarget;
			buildConfigurationList = 5BD7866C2D4CB35D008AA108 /* Build configuration list for PBXNativeTarget "ArchDemo" */;
			buildPhases = (
				5BD786442D4CB35B008AA108 /* Sources */,
				5BD786452D4CB35B008AA108 /* Frameworks */,
				5BD786462D4CB35B008AA108 /* Resources */,
			);
			buildRules = (
			);
			dependencies = (
			);
			fileSystemSynchronizedGroups = (
				5BD7864A2D4CB35B008AA108 /* ArchDemo */,
			);
			name = ArchDemo;
			packageProductDependencies = (
				5BD786A62D4CC684008AA108 /* Dependencies */,
				5BD786A82D4CC684008AA108 /* DependenciesMacros */,
			);
			productName = ArchDemo;
			productReference = 5BD786482D4CB35B008AA108 /* ArchDemo.app */;
			productType = "com.apple.product-type.application";
		};
		5BD786572D4CB35D008AA108 /* ArchDemoTests */ = {
			isa = PBXNativeTarget;
			buildConfigurationList = 5BD7866F2D4CB35D008AA108 /* Build configuration list for PBXNativeTarget "ArchDemoTests" */;
			buildPhases = (
				5BD786542D4CB35D008AA108 /* Sources */,
				5BD786552D4CB35D008AA108 /* Frameworks */,
				5BD786562D4CB35D008AA108 /* Resources */,
			);
			buildRules = (
			);
			dependencies = (
				5BD7865A2D4CB35D008AA108 /* PBXTargetDependency */,
			);
			fileSystemSynchronizedGroups = (
				5BD7865B2D4CB35D008AA108 /* ArchDemoTests */,
			);
			name = ArchDemoTests;
			packageProductDependencies = (
				5BD786AA2D4CC684008AA108 /* DependenciesTestSupport */,
			);
			productName = ArchDemoTests;
			productReference = 5BD786582D4CB35D008AA108 /* ArchDemoTests.xctest */;
			productType = "com.apple.product-type.bundle.unit-test";
		};
/* End PBXNativeTarget section */

/* Begin PBXProject section */
		5BD786402D4CB35B008AA108 /* Project object */ = {
			isa = PBXProject;
			attributes = {
				BuildIndependentTargetsInParallel = 1;
				LastSwiftUpdateCheck = 1600;
				LastUpgradeCheck = 1600;
				TargetAttributes = {
					5BD786472D4CB35B008AA108 = {
						CreatedOnToolsVersion = 16.0;
					};
					5BD786572D4CB35D008AA108 = {
						CreatedOnToolsVersion = 16.0;
						TestTargetID = 5BD786472D4CB35B008AA108;
					};
				};
			};
			buildConfigurationList = 5BD786432D4CB35B008AA108 /* Build configuration list for PBXProject "ArchDemo" */;
			developmentRegion = en;
			hasScannedForEncodings = 0;
			knownRegions = (
				en,
				Base,
			);
			mainGroup = 5BD7863F2D4CB35B008AA108;
			minimizedProjectReferenceProxies = 1;
			packageReferences = (
				5BD786A52D4CC684008AA108 /* XCRemoteSwiftPackageReference "swift-dependencies" */,
			);
			preferredProjectObjectVersion = 77;
			productRefGroup = 5BD786492D4CB35B008AA108 /* Products */;
			projectDirPath = "";
			projectRoot = "";
			targets = (
				5BD786472D4CB35B008AA108 /* ArchDemo */,
				5BD786572D4CB35D008AA108 /* ArchDemoTests */,
			);
		};
/* End PBXProject section */

/* Begin PBXResourcesBuildPhase section */
		5BD786462D4CB35B008AA108 /* Resources */ = {
			isa = PBXResourcesBuildPhase;
			buildActionMask = 2147483647;
			files = (
			);
			runOnlyForDeploymentPostprocessing = 0;
		};
		5BD786562D4CB35D008AA108 /* Resources */ = {
			isa = PBXResourcesBuildPhase;
			buildActionMask = 2147483647;
			files = (
			);
			runOnlyForDeploymentPostprocessing = 0;
		};
/* End PBXResourcesBuildPhase section */

/* Begin PBXSourcesBuildPhase section */
		5BD786442D4CB35B008AA108 /* Sources */ = {
			isa = PBXSourcesBuildPhase;
			buildActionMask = 2147483647;
			files = (
			);
			runOnlyForDeploymentPostprocessing = 0;
		};
		5BD786542D4CB35D008AA108 /* Sources */ = {
			isa = PBXSourcesBuildPhase;
			buildActionMask = 2147483647;
			files = (
			);
			runOnlyForDeploymentPostprocessing = 0;
		};
/* End PBXSourcesBuildPhase section */

/* Begin PBXTargetDependency section */
		5BD7865A2D4CB35D008AA108 /* PBXTargetDependency */ = {
			isa = PBXTargetDependency;
			target = 5BD786472D4CB35B008AA108 /* ArchDemo */;
			targetProxy = 5BD786592D4CB35D008AA108 /* PBXContainerItemProxy */;
		};
/* End PBXTargetDependency section */

/* Begin XCBuildConfiguration section */
		5BD7866A2D4CB35D008AA108 /* Debug */ = {
			isa = XCBuildConfiguration;
			buildSettings = {
				ALWAYS_SEARCH_USER_PATHS = NO;
				ASSETCATALOG_COMPILER_GENERATE_SWIFT_ASSET_SYMBOL_EXTENSIONS = YES;
				CLANG_ANALYZER_NONNULL = YES;
				CLANG_ANALYZER_NUMBER_OBJECT_CONVERSION = YES_AGGRESSIVE;
				CLANG_CXX_LANGUAGE_STANDARD = "gnu++20";
				CLANG_ENABLE_MODULES = YES;
				CLANG_ENABLE_OBJC_ARC = YES;
				CLANG_ENABLE_OBJC_WEAK = YES;
				CLANG_WARN_BLOCK_CAPTURE_AUTORELEASING = YES;
				CLANG_WARN_BOOL_CONVERSION = YES;
				CLANG_WARN_COMMA = YES;
				CLANG_WARN_CONSTANT_CONVERSION = YES;
				CLANG_WARN_DEPRECATED_OBJC_IMPLEMENTATIONS = YES;
				CLANG_WARN_DIRECT_OBJC_ISA_USAGE = YES_ERROR;
				CLANG_WARN_DOCUMENTATION_COMMENTS = YES;
				CLANG_WARN_EMPTY_BODY = YES;
				CLANG_WARN_ENUM_CONVERSION = YES;
				CLANG_WARN_INFINITE_RECURSION = YES;
				CLANG_WARN_INT_CONVERSION = YES;
				CLANG_WARN_NON_LITERAL_NULL_CONVERSION = YES;
				CLANG_WARN_OBJC_IMPLICIT_RETAIN_SELF = YES;
				CLANG_WARN_OBJC_LITERAL_CONVERSION = YES;
				CLANG_WARN_OBJC_ROOT_CLASS = YES_ERROR;
				CLANG_WARN_QUOTED_INCLUDE_IN_FRAMEWORK_HEADER = YES;
				CLANG_WARN_RANGE_LOOP_ANALYSIS = YES;
				CLANG_WARN_STRICT_PROTOTYPES = YES;
				CLANG_WARN_SUSPICIOUS_MOVE = YES;
				CLANG_WARN_UNGUARDED_AVAILABILITY = YES_AGGRESSIVE;
				CLANG_WARN_UNREACHABLE_CODE = YES;
				CLANG_WARN__DUPLICATE_METHOD_MATCH = YES;
				COPY_PHASE_STRIP = NO;
				DEBUG_INFORMATION_FORMAT = dwarf;
				ENABLE_STRICT_OBJC_MSGSEND = YES;
				ENABLE_TESTABILITY = YES;
				ENABLE_USER_SCRIPT_SANDBOXING = YES;
				GCC_C_LANGUAGE_STANDARD = gnu17;
				GCC_DYNAMIC_NO_PIC = NO;
				GCC_NO_COMMON_BLOCKS = YES;
				GCC_OPTIMIZATION_LEVEL = 0;
				GCC_PREPROCESSOR_DEFINITIONS = (
					"DEBUG=1",
					"$(inherited)",
				);
				GCC_WARN_64_TO_32_BIT_CONVERSION = YES;
				GCC_WARN_ABOUT_RETURN_TYPE = YES_ERROR;
				GCC_WARN_UNDECLARED_SELECTOR = YES;
				GCC_WARN_UNINITIALIZED_AUTOS = YES_AGGRESSIVE;
				GCC_WARN_UNUSED_FUNCTION = YES;
				GCC_WARN_UNUSED_VARIABLE = YES;
				IPHONEOS_DEPLOYMENT_TARGET = 15.6;
				LOCALIZATION_PREFERS_STRING_CATALOGS = YES;
				MTL_ENABLE_DEBUG_INFO = INCLUDE_SOURCE;
				MTL_FAST_MATH = YES;
				ONLY_ACTIVE_ARCH = YES;
				SDKROOT = iphoneos;
				SWIFT_ACTIVE_COMPILATION_CONDITIONS = "DEBUG $(inherited)";
				SWIFT_OPTIMIZATION_LEVEL = "-Onone";
			};
			name = Debug;
		};
		5BD7866B2D4CB35D008AA108 /* Release */ = {
			isa = XCBuildConfiguration;
			buildSettings = {
				ALWAYS_SEARCH_USER_PATHS = NO;
				ASSETCATALOG_COMPILER_GENERATE_SWIFT_ASSET_SYMBOL_EXTENSIONS = YES;
				CLANG_ANALYZER_NONNULL = YES;
				CLANG_ANALYZER_NUMBER_OBJECT_CONVERSION = YES_AGGRESSIVE;
				CLANG_CXX_LANGUAGE_STANDARD = "gnu++20";
				CLANG_ENABLE_MODULES = YES;
				CLANG_ENABLE_OBJC_ARC = YES;
				CLANG_ENABLE_OBJC_WEAK = YES;
				CLANG_WARN_BLOCK_CAPTURE_AUTORELEASING = YES;
				CLANG_WARN_BOOL_CONVERSION = YES;
				CLANG_WARN_COMMA = YES;
				CLANG_WARN_CONSTANT_CONVERSION = YES;
				CLANG_WARN_DEPRECATED_OBJC_IMPLEMENTATIONS = YES;
				CLANG_WARN_DIRECT_OBJC_ISA_USAGE = YES_ERROR;
				CLANG_WARN_DOCUMENTATION_COMMENTS = YES;
				CLANG_WARN_EMPTY_BODY = YES;
				CLANG_WARN_ENUM_CONVERSION = YES;
				CLANG_WARN_INFINITE_RECURSION = YES;
				CLANG_WARN_INT_CONVERSION = YES;
				CLANG_WARN_NON_LITERAL_NULL_CONVERSION = YES;
				CLANG_WARN_OBJC_IMPLICIT_RETAIN_SELF = YES;
				CLANG_WARN_OBJC_LITERAL_CONVERSION = YES;
				CLANG_WARN_OBJC_ROOT_CLASS = YES_ERROR;
				CLANG_WARN_QUOTED_INCLUDE_IN_FRAMEWORK_HEADER = YES;
				CLANG_WARN_RANGE_LOOP_ANALYSIS = YES;
				CLANG_WARN_STRICT_PROTOTYPES = YES;
				CLANG_WARN_SUSPICIOUS_MOVE = YES;
				CLANG_WARN_UNGUARDED_AVAILABILITY = YES_AGGRESSIVE;
				CLANG_WARN_UNREACHABLE_CODE = YES;
				CLANG_WARN__DUPLICATE_METHOD_MATCH = YES;
				COPY_PHASE_STRIP = NO;
				DEBUG_INFORMATION_FORMAT = "dwarf-with-dsym";
				ENABLE_NS_ASSERTIONS = NO;
				ENABLE_STRICT_OBJC_MSGSEND = YES;
				ENABLE_USER_SCRIPT_SANDBOXING = YES;
				GCC_C_LANGUAGE_STANDARD = gnu17;
				GCC_NO_COMMON_BLOCKS = YES;
				GCC_WARN_64_TO_32_BIT_CONVERSION = YES;
				GCC_WARN_ABOUT_RETURN_TYPE = YES_ERROR;
				GCC_WARN_UNDECLARED_SELECTOR = YES;
				GCC_WARN_UNINITIALIZED_AUTOS = YES_AGGRESSIVE;
				GCC_WARN_UNUSED_FUNCTION = YES;
				GCC_WARN_UNUSED_VARIABLE = YES;
				IPHONEOS_DEPLOYMENT_TARGET = 15.6;
				LOCALIZATION_PREFERS_STRING_CATALOGS = YES;
				MTL_ENABLE_DEBUG_INFO = NO;
				MTL_FAST_MATH = YES;
				SDKROOT = iphoneos;
				SWIFT_COMPILATION_MODE = wholemodule;
				VALIDATE_PRODUCT = YES;
			};
			name = Release;
		};
		5BD7866D2D4CB35D008AA108 /* Debug */ = {
			isa = XCBuildConfiguration;
			buildSettings = {
				ASSETCATALOG_COMPILER_APPICON_NAME = AppIcon;
				ASSETCATALOG_COMPILER_GLOBAL_ACCENT_COLOR_NAME = AccentColor;
				CODE_SIGN_STYLE = Automatic;
				CURRENT_PROJECT_VERSION = 1;
				DEVELOPMENT_ASSET_PATHS = "\"ArchDemo/Source\"";
				DEVELOPMENT_TEAM = L2Q32UK29R;
				ENABLE_PREVIEWS = YES;
				GENERATE_INFOPLIST_FILE = YES;
				INFOPLIST_KEY_UIApplicationSceneManifest_Generation = YES;
				INFOPLIST_KEY_UIApplicationSupportsIndirectInputEvents = YES;
				INFOPLIST_KEY_UILaunchScreen_Generation = YES;
				INFOPLIST_KEY_UISupportedInterfaceOrientations_iPad = "UIInterfaceOrientationPortrait UIInterfaceOrientationPortraitUpsideDown UIInterfaceOrientationLandscapeLeft UIInterfaceOrientationLandscapeRight";
				INFOPLIST_KEY_UISupportedInterfaceOrientations_iPhone = "UIInterfaceOrientationPortrait UIInterfaceOrientationLandscapeLeft UIInterfaceOrientationLandscapeRight";
				IPHONEOS_DEPLOYMENT_TARGET = 15.6;
				LD_RUNPATH_SEARCH_PATHS = (
					"$(inherited)",
					"@executable_path/Frameworks",
				);
				MARKETING_VERSION = 1.0;
				PRODUCT_BUNDLE_IDENTIFIER = com.lidl.ContentPlus.app.ArchDemo;
				PRODUCT_NAME = "$(TARGET_NAME)";
				SUPPORTED_PLATFORMS = "iphoneos iphonesimulator";
				SUPPORTS_MACCATALYST = NO;
				SUPPORTS_MAC_DESIGNED_FOR_IPHONE_IPAD = NO;
				SUPPORTS_XR_DESIGNED_FOR_IPHONE_IPAD = NO;
				SWIFT_EMIT_LOC_STRINGS = YES;
				SWIFT_VERSION = 6.0;
				TARGETED_DEVICE_FAMILY = 1;
			};
			name = Debug;
		};
		5BD7866E2D4CB35D008AA108 /* Release */ = {
			isa = XCBuildConfiguration;
			buildSettings = {
				ASSETCATALOG_COMPILER_APPICON_NAME = AppIcon;
				ASSETCATALOG_COMPILER_GLOBAL_ACCENT_COLOR_NAME = AccentColor;
				CODE_SIGN_STYLE = Automatic;
				CURRENT_PROJECT_VERSION = 1;
				DEVELOPMENT_ASSET_PATHS = "\"ArchDemo/Source\"";
				DEVELOPMENT_TEAM = L2Q32UK29R;
				ENABLE_PREVIEWS = YES;
				GENERATE_INFOPLIST_FILE = YES;
				INFOPLIST_KEY_UIApplicationSceneManifest_Generation = YES;
				INFOPLIST_KEY_UIApplicationSupportsIndirectInputEvents = YES;
				INFOPLIST_KEY_UILaunchScreen_Generation = YES;
				INFOPLIST_KEY_UISupportedInterfaceOrientations_iPad = "UIInterfaceOrientationPortrait UIInterfaceOrientationPortraitUpsideDown UIInterfaceOrientationLandscapeLeft UIInterfaceOrientationLandscapeRight";
				INFOPLIST_KEY_UISupportedInterfaceOrientations_iPhone = "UIInterfaceOrientationPortrait UIInterfaceOrientationLandscapeLeft UIInterfaceOrientationLandscapeRight";
				IPHONEOS_DEPLOYMENT_TARGET = 15.6;
				LD_RUNPATH_SEARCH_PATHS = (
					"$(inherited)",
					"@executable_path/Frameworks",
				);
				MARKETING_VERSION = 1.0;
				PRODUCT_BUNDLE_IDENTIFIER = com.lidl.ContentPlus.app.ArchDemo;
				PRODUCT_NAME = "$(TARGET_NAME)";
				SUPPORTED_PLATFORMS = "iphoneos iphonesimulator";
				SUPPORTS_MACCATALYST = NO;
				SUPPORTS_MAC_DESIGNED_FOR_IPHONE_IPAD = NO;
				SUPPORTS_XR_DESIGNED_FOR_IPHONE_IPAD = NO;
				SWIFT_EMIT_LOC_STRINGS = YES;
				SWIFT_VERSION = 6.0;
				TARGETED_DEVICE_FAMILY = 1;
			};
			name = Release;
		};
		5BD786702D4CB35D008AA108 /* Debug */ = {
			isa = XCBuildConfiguration;
			buildSettings = {
				BUNDLE_LOADER = "$(TEST_HOST)";
				CODE_SIGN_STYLE = Automatic;
				CURRENT_PROJECT_VERSION = 1;
				DEVELOPMENT_TEAM = L2Q32UK29R;
				GENERATE_INFOPLIST_FILE = YES;
				IPHONEOS_DEPLOYMENT_TARGET = 15.6;
				MARKETING_VERSION = 1.0;
				PRODUCT_BUNDLE_IDENTIFIER = com.lidl.ContentPlus.app.ArchDemoTests;
				PRODUCT_NAME = "$(TARGET_NAME)";
				SWIFT_EMIT_LOC_STRINGS = NO;
				SWIFT_VERSION = 5.0;
				TARGETED_DEVICE_FAMILY = "1,2";
				TEST_HOST = "$(BUILT_PRODUCTS_DIR)/ArchDemo.app/$(BUNDLE_EXECUTABLE_FOLDER_PATH)/ArchDemo";
			};
			name = Debug;
		};
		5BD786712D4CB35D008AA108 /* Release */ = {
			isa = XCBuildConfiguration;
			buildSettings = {
				BUNDLE_LOADER = "$(TEST_HOST)";
				CODE_SIGN_STYLE = Automatic;
				CURRENT_PROJECT_VERSION = 1;
				DEVELOPMENT_TEAM = L2Q32UK29R;
				GENERATE_INFOPLIST_FILE = YES;
				IPHONEOS_DEPLOYMENT_TARGET = 15.6;
				MARKETING_VERSION = 1.0;
				PRODUCT_BUNDLE_IDENTIFIER = com.lidl.ContentPlus.app.ArchDemoTests;
				PRODUCT_NAME = "$(TARGET_NAME)";
				SWIFT_EMIT_LOC_STRINGS = NO;
				SWIFT_VERSION = 5.0;
				TARGETED_DEVICE_FAMILY = "1,2";
				TEST_HOST = "$(BUILT_PRODUCTS_DIR)/ArchDemo.app/$(BUNDLE_EXECUTABLE_FOLDER_PATH)/ArchDemo";
			};
			name = Release;
		};
/* End XCBuildConfiguration section */

/* Begin XCConfigurationList section */
		5BD786432D4CB35B008AA108 /* Build configuration list for PBXProject "ArchDemo" */ = {
			isa = XCConfigurationList;
			buildConfigurations = (
				5BD7866A2D4CB35D008AA108 /* Debug */,
				5BD7866B2D4CB35D008AA108 /* Release */,
			);
			defaultConfigurationIsVisible = 0;
			defaultConfigurationName = Release;
		};
		5BD7866C2D4CB35D008AA108 /* Build configuration list for PBXNativeTarget "ArchDemo" */ = {
			isa = XCConfigurationList;
			buildConfigurations = (
				5BD7866D2D4CB35D008AA108 /* Debug */,
				5BD7866E2D4CB35D008AA108 /* Release */,
			);
			defaultConfigurationIsVisible = 0;
			defaultConfigurationName = Release;
		};
		5BD7866F2D4CB35D008AA108 /* Build configuration list for PBXNativeTarget "ArchDemoTests" */ = {
			isa = XCConfigurationList;
			buildConfigurations = (
				5BD786702D4CB35D008AA108 /* Debug */,
				5BD786712D4CB35D008AA108 /* Release */,
			);
			defaultConfigurationIsVisible = 0;
			defaultConfigurationName = Release;
		};
/* End XCConfigurationList section */

/* Begin XCRemoteSwiftPackageReference section */
		5BD786A52D4CC684008AA108 /* XCRemoteSwiftPackageReference "swift-dependencies" */ = {
			isa = XCRemoteSwiftPackageReference;
			repositoryURL = "https://github.com/pointfreeco/swift-dependencies";
			requirement = {
				kind = upToNextMajorVersion;
				minimumVersion = 1.7.0;
			};
		};
/* End XCRemoteSwiftPackageReference section */

/* Begin XCSwiftPackageProductDependency section */
		5BD786A62D4CC684008AA108 /* Dependencies */ = {
			isa = XCSwiftPackageProductDependency;
			package = 5BD786A52D4CC684008AA108 /* XCRemoteSwiftPackageReference "swift-dependencies" */;
			productName = Dependencies;
		};
		5BD786A82D4CC684008AA108 /* DependenciesMacros */ = {
			isa = XCSwiftPackageProductDependency;
			package = 5BD786A52D4CC684008AA108 /* XCRemoteSwiftPackageReference "swift-dependencies" */;
			productName = DependenciesMacros;
		};
		5BD786AA2D4CC684008AA108 /* DependenciesTestSupport */ = {
			isa = XCSwiftPackageProductDependency;
			package = 5BD786A52D4CC684008AA108 /* XCRemoteSwiftPackageReference "swift-dependencies" */;
			productName = DependenciesTestSupport;
		};
/* End XCSwiftPackageProductDependency section */
	};
	rootObject = 5BD786402D4CB35B008AA108 /* Project object */;
}
